
Microsoft Visual Studio Solution File, Format Version 12.00
# Visual Studio Version 17
VisualStudioVersion = 17.8.34330.188
MinimumVisualStudioVersion = 10.0.40219.1
Project("{9A19103F-16F7-4668-BE54-9A1E7A4F7556}") = "chatik", "chatik\chatik.csproj", "{DDFC4022-B50E-486E-AADE-5A79363E9F9E}"
EndProject
Global
	GlobalSection(SolutionConfigurationPlatforms) = preSolution
		Debug|Any CPU = Debug|Any CPU
		Release|Any CPU = Release|Any CPU
	EndGlobalSection
	GlobalSection(ProjectConfigurationPlatforms) = postSolution
		{DDFC4022-B50E-486E-AADE-5A79363E9F9E}.Debug|Any CPU.ActiveCfg = Debug|Any CPU
		{DDFC4022-B50E-486E-AADE-5A79363E9F9E}.Debug|Any CPU.Build.0 = Debug|Any CPU
		{DDFC4022-B50E-486E-AADE-5A79363E9F9E}.Release|Any CPU.ActiveCfg = Release|Any CPU
		{DDFC4022-B50E-486E-AADE-5A79363E9F9E}.Release|Any CPU.Build.0 = Release|Any CPU
	EndGlobalSection
	GlobalSection(SolutionProperties) = preSolution
		HideSolutionNode = FALSE
	EndGlobalSection
	GlobalSection(ExtensibilityGlobals) = postSolution
		SolutionGuid = {A5FB4D33-A775-41A0-BE15-FF4106496086}
	EndGlobalSection
EndGlobal
